{
  "name": "financialassistant",
  "version": "1.0.0",
  "lockfileVersion": 1,
  "requires": true,
  "dependencies": {
    "@date-io/core": {
      "version": "2.10.6",
      "resolved": "https://registry.npmjs.org/@date-io/core/-/core-2.10.6.tgz",
      "integrity": "sha512-MGYt4GEB/4ZMdSbj6FS7/gPBvuhHUwnn5O6t8PlkSqGF1310qxypVyK4CZg5RQgev25L3R5eLVdNTyYrJOL8Rw=="
    },
    "@date-io/luxon": {
      "version": "2.10.6",
      "resolved": "https://registry.npmjs.org/@date-io/luxon/-/luxon-2.10.6.tgz",
      "integrity": "sha512-tSi8k0WoVzYGmQB5bvQ8G4MUS9xomvCh72XiQOm0gjII9Wm0PIclzI4sLlyhwmqTUYnuyaRdQAMK1UaY3iBBUA==",
      "requires": {
        "@date-io/core": "^2.10.6"
      }
    },
    "luxon": {
      "version": "1.25.0",
      "resolved": "https://registry.npmjs.org/luxon/-/luxon-1.25.0.tgz",
      "integrity": "sha512-hEgLurSH8kQRjY6i4YLey+mcKVAWXbDNlZRmM6AgWDJ1cY3atl8Ztf5wEY7VBReFbmGnwQPz7KYJblL8B2k0jQ=="
    }
  }
}
